
Microsoft Visual Studio Solution File, Format Version 12.00
# Visual Studio Version 17
VisualStudioVersion = 17.0.32112.339
MinimumVisualStudioVersion = 10.0.40219.1
Project("{FAE04EC0-301F-11D3-BF4B-00C04F79EFBC}") = "BackEnd", "BackEnd\BackEnd.csproj", "{9FED4327-519B-48CF-BD07-2C9B13EF82C4}"
EndProject
Global
	GlobalSection(SolutionConfigurationPlatforms) = preSolution
		Debug|Any CPU = Debug|Any CPU
		Release|Any CPU = Release|Any CPU
	EndGlobalSection
	GlobalSection(ProjectConfigurationPlatforms) = postSolution
		{9FED4327-519B-48CF-BD07-2C9B13EF82C4}.Debug|Any CPU.ActiveCfg = Debug|Any CPU
		{9FED4327-519B-48CF-BD07-2C9B13EF82C4}.Debug|Any CPU.Build.0 = Debug|Any CPU
		{9FED4327-519B-48CF-BD07-2C9B13EF82C4}.Release|Any CPU.ActiveCfg = Release|Any CPU
		{9FED4327-519B-48CF-BD07-2C9B13EF82C4}.Release|Any CPU.Build.0 = Release|Any CPU
	EndGlobalSection
	GlobalSection(SolutionProperties) = preSolution
		HideSolutionNode = FALSE
	EndGlobalSection
	GlobalSection(ExtensibilityGlobals) = postSolution
		SolutionGuid = {86C9526C-1F77-47DF-B30E-B69ACA7E52BD}
	EndGlobalSection
EndGlobal
